// !$*UTF8*$!
{
	archiveVersion = 1;
	classes = {
	};
	objectVersion = 48;
	objects = {

/* Begin PBXBuildFile section */
		574755C5203865C20083E407 /* AppDelegate.swift in Sources */ = {isa = PBXBuildFile; fileRef = 574755C4203865C20083E407 /* AppDelegate.swift */; };
		574755C7203865C20083E407 /* TransferFundsController.swift in Sources */ = {isa = PBXBuildFile; fileRef = 574755C6203865C20083E407 /* TransferFundsController.swift */; };
		574755CA203865C20083E407 /* Main.storyboard in Resources */ = {isa = PBXBuildFile; fileRef = 574755C8203865C20083E407 /* Main.storyboard */; };
		574755CC203865C20083E407 /* Assets.xcassets in Resources */ = {isa = PBXBuildFile; fileRef = 574755CB203865C20083E407 /* Assets.xcassets */; };
		574755CF203865C20083E407 /* LaunchScreen.storyboard in Resources */ = {isa = PBXBuildFile; fileRef = 574755CD203865C20083E407 /* LaunchScreen.storyboard */; };
		574755DA203865C20083E407 /* KVOSampleAppTests.swift in Sources */ = {isa = PBXBuildFile; fileRef = 574755D9203865C20083E407 /* KVOSampleAppTests.swift */; };
		574755E8203869160083E407 /* Account.swift in Sources */ = {isa = PBXBuildFile; fileRef = 574755E7203869160083E407 /* Account.swift */; };
		574755EC20399F160083E407 /* AccountTabController.swift in Sources */ = {isa = PBXBuildFile; fileRef = 574755EB20399F160083E407 /* AccountTabController.swift */; };
		578312632039A15D005705D0 /* BalanceViewController.swift in Sources */ = {isa = PBXBuildFile; fileRef = 578312622039A15D005705D0 /* BalanceViewController.swift */; };
/* End PBXBuildFile section */

/* Begin PBXContainerItemProxy section */
		574755D6203865C20083E407 /* PBXContainerItemProxy */ = {
			isa = PBXContainerItemProxy;
			containerPortal = 574755B9203865C20083E407 /* Project object */;
			proxyType = 1;
			remoteGlobalIDString = 574755C0203865C20083E407;
			remoteInfo = KVOSampleApp;
		};
/* End PBXContainerItemProxy section */

/* Begin PBXFileReference section */
		574755C1203865C20083E407 /* KVOSampleApp.app */ = {isa = PBXFileReference; explicitFileType = wrapper.application; includeInIndex = 0; path = KVOSampleApp.app; sourceTree = BUILT_PRODUCTS_DIR; };
		574755C4203865C20083E407 /* AppDelegate.swift */ = {isa = PBXFileReference; lastKnownFileType = sourcecode.swift; path = AppDelegate.swift; sourceTree = "<group>"; };
		574755C6203865C20083E407 /* TransferFundsController.swift */ = {isa = PBXFileReference; lastKnownFileType = sourcecode.swift; path = TransferFundsController.swift; sourceTree = "<group>"; };
		574755C9203865C20083E407 /* Base */ = {isa = PBXFileReference; lastKnownFileType = file.storyboard; name = Base; path = Base.lproj/Main.storyboard; sourceTree = "<group>"; };
		574755CB203865C20083E407 /* Assets.xcassets */ = {isa = PBXFileReference; lastKnownFileType = folder.assetcatalog; path = Assets.xcassets; sourceTree = "<group>"; };
		574755CE203865C20083E407 /* Base */ = {isa = PBXFileReference; lastKnownFileType = file.storyboard; name = Base; path = Base.lproj/LaunchScreen.storyboard; sourceTree = "<group>"; };
		574755D0203865C20083E407 /* Info.plist */ = {isa = PBXFileReference; lastKnownFileType = text.plist.xml; path = Info.plist; sourceTree = "<group>"; };
		574755D5203865C20083E407 /* KVOSampleAppTests.xctest */ = {isa = PBXFileReference; explicitFileType = wrapper.cfbundle; includeInIndex = 0; path = KVOSampleAppTests.xctest; sourceTree = BUILT_PRODUCTS_DIR; };
		574755D9203865C20083E407 /* KVOSampleAppTests.swift */ = {isa = PBXFileReference; lastKnownFileType = sourcecode.swift; path = KVOSampleAppTests.swift; sourceTree = "<group>"; };
		574755DB203865C20083E407 /* Info.plist */ = {isa = PBXFileReference; lastKnownFileType = text.plist.xml; path = Info.plist; sourceTree = "<group>"; };
		574755E7203869160083E407 /* Account.swift */ = {isa = PBXFileReference; lastKnownFileType = sourcecode.swift; path = Account.swift; sourceTree = "<group>"; };
		574755EB20399F160083E407 /* AccountTabController.swift */ = {isa = PBXFileReference; lastKnownFileType = sourcecode.swift; path = AccountTabController.swift; sourceTree = "<group>"; };
		578312622039A15D005705D0 /* BalanceViewController.swift */ = {isa = PBXFileReference; lastKnownFileType = sourcecode.swift; path = BalanceViewController.swift; sourceTree = "<group>"; };
/* End PBXFileReference section */

/* Begin PBXFrameworksBuildPhase section */
		574755BE203865C20083E407 /* Frameworks */ = {
			isa = PBXFrameworksBuildPhase;
			buildActionMask = 2147483647;
			files = (
			);
			runOnlyForDeploymentPostprocessing = 0;
		};
		574755D2203865C20083E407 /* Frameworks */ = {
			isa = PBXFrameworksBuildPhase;
			buildActionMask = 2147483647;
			files = (
			);
			runOnlyForDeploymentPostprocessing = 0;
		};
/* End PBXFrameworksBuildPhase section */

/* Begin PBXGroup section */
		574755B8203865C20083E407 = {
			isa = PBXGroup;
			children = (
				574755C3203865C20083E407 /* KVOSampleApp */,
				574755D8203865C20083E407 /* KVOSampleAppTests */,
				574755C2203865C20083E407 /* Products */,
			);
			sourceTree = "<group>";
		};
		574755C2203865C20083E407 /* Products */ = {
			isa = PBXGroup;
			children = (
				574755C1203865C20083E407 /* KVOSampleApp.app */,
				574755D5203865C20083E407 /* KVOSampleAppTests.xctest */,
			);
			name = Products;
			sourceTree = "<group>";
		};
		574755C3203865C20083E407 /* KVOSampleApp */ = {
			isa = PBXGroup;
			children = (
				574755E6203869080083E407 /* Models */,
				574755E4203865CE0083E407 /* View Controllers */,
				574755E5203865E30083E407 /* Supporting Files */,
				574755D0203865C20083E407 /* Info.plist */,
			);
			path = KVOSampleApp;
			sourceTree = "<group>";
		};
		574755D8203865C20083E407 /* KVOSampleAppTests */ = {
			isa = PBXGroup;
			children = (
				574755D9203865C20083E407 /* KVOSampleAppTests.swift */,
				574755DB203865C20083E407 /* Info.plist */,
			);
			path = KVOSampleAppTests;
			sourceTree = "<group>";
		};
		574755E4203865CE0083E407 /* View Controllers */ = {
			isa = PBXGroup;
			children = (
				574755EB20399F160083E407 /* AccountTabController.swift */,
				578312622039A15D005705D0 /* BalanceViewController.swift */,
				574755C6203865C20083E407 /* TransferFundsController.swift */,
			);
			path = "View Controllers";
			sourceTree = "<group>";
		};
		574755E5203865E30083E407 /* Supporting Files */ = {
			isa = PBXGroup;
			children = (
				574755C4203865C20083E407 /* AppDelegate.swift */,
				574755C8203865C20083E407 /* Main.storyboard */,
				574755CB203865C20083E407 /* Assets.xcassets */,
				574755CD203865C20083E407 /* LaunchScreen.storyboard */,
			);
			path = "Supporting Files";
			sourceTree = "<group>";
		};
		574755E6203869080083E407 /* Models */ = {
			isa = PBXGroup;
			children = (
				574755E7203869160083E407 /* Account.swift */,
			);
			path = Models;
			sourceTree = "<group>";
		};
/* End PBXGroup section */

/* Begin PBXNativeTarget section */
		574755C0203865C20083E407 /* KVOSampleApp */ = {
			isa = PBXNativeTarget;
			buildConfigurationList = 574755DE203865C20083E407 /* Build configuration list for PBXNativeTarget "KVOSampleApp" */;
			buildPhases = (
				574755BD203865C20083E407 /* Sources */,
				574755BE203865C20083E407 /* Frameworks */,
				574755BF203865C20083E407 /* Resources */,
			);
			buildRules = (
			);
			dependencies = (
			);
			name = KVOSampleApp;
			productName = KVOSampleApp;
			productReference = 574755C1203865C20083E407 /* KVOSampleApp.app */;
			productType = "com.apple.product-type.application";
		};
		574755D4203865C20083E407 /* KVOSampleAppTests */ = {
			isa = PBXNativeTarget;
			buildConfigurationList = 574755E1203865C20083E407 /* Build configuration list for PBXNativeTarget "KVOSampleAppTests" */;
			buildPhases = (
				574755D1203865C20083E407 /* Sources */,
				574755D2203865C20083E407 /* Frameworks */,
				574755D3203865C20083E407 /* Resources */,
			);
			buildRules = (
			);
			dependencies = (
				574755D7203865C20083E407 /* PBXTargetDependency */,
			);
			name = KVOSampleAppTests;
			productName = KVOSampleAppTests;
			productReference = 574755D5203865C20083E407 /* KVOSampleAppTests.xctest */;
			productType = "com.apple.product-type.bundle.unit-test";
		};
/* End PBXNativeTarget section */

/* Begin PBXProject section */
		574755B9203865C20083E407 /* Project object */ = {
			isa = PBXProject;
			attributes = {
				LastSwiftUpdateCheck = 0920;
				LastUpgradeCheck = 0920;
				ORGANIZATIONNAME = "Alex Paul";
				TargetAttributes = {
					574755C0203865C20083E407 = {
						CreatedOnToolsVersion = 9.2;
						ProvisioningStyle = Automatic;
					};
					574755D4203865C20083E407 = {
						CreatedOnToolsVersion = 9.2;
						ProvisioningStyle = Automatic;
						TestTargetID = 574755C0203865C20083E407;
					};
				};
			};
			buildConfigurationList = 574755BC203865C20083E407 /* Build configuration list for PBXProject "KVOSampleApp" */;
			compatibilityVersion = "Xcode 8.0";
			developmentRegion = en;
			hasScannedForEncodings = 0;
			knownRegions = (
				en,
				Base,
			);
			mainGroup = 574755B8203865C20083E407;
			productRefGroup = 574755C2203865C20083E407 /* Products */;
			projectDirPath = "";
			projectRoot = "";
			targets = (
				574755C0203865C20083E407 /* KVOSampleApp */,
				574755D4203865C20083E407 /* KVOSampleAppTests */,
			);
		};
/* End PBXProject section */

/* Begin PBXResourcesBuildPhase section */
		574755BF203865C20083E407 /* Resources */ = {
			isa = PBXResourcesBuildPhase;
			buildActionMask = 2147483647;
			files = (
				574755CF203865C20083E407 /* LaunchScreen.storyboard in Resources */,
				574755CC203865C20083E407 /* Assets.xcassets in Resources */,
				574755CA203865C20083E407 /* Main.storyboard in Resources */,
			);
			runOnlyForDeploymentPostprocessing = 0;
		};
		574755D3203865C20083E407 /* Resources */ = {
			isa = PBXResourcesBuildPhase;
			buildActionMask = 2147483647;
			files = (
			);
			runOnlyForDeploymentPostprocessing = 0;
		};
/* End PBXResourcesBuildPhase section */

/* Begin PBXSourcesBuildPhase section */
		574755BD203865C20083E407 /* Sources */ = {
			isa = PBXSourcesBuildPhase;
			buildActionMask = 2147483647;
			files = (
				574755EC20399F160083E407 /* AccountTabController.swift in Sources */,
				574755C7203865C20083E407 /* TransferFundsController.swift in Sources */,
				574755C5203865C20083E407 /* AppDelegate.swift in Sources */,
				578312632039A15D005705D0 /* BalanceViewController.swift in Sources */,
				574755E8203869160083E407 /* Account.swift in Sources */,
			);
			runOnlyForDeploymentPostprocessing = 0;
		};
		574755D1203865C20083E407 /* Sources */ = {
			isa = PBXSourcesBuildPhase;
			buildActionMask = 2147483647;
			files = (
				574755DA203865C20083E407 /* KVOSampleAppTests.swift in Sources */,
			);
			runOnlyForDeploymentPostprocessing = 0;
		};
/* End PBXSourcesBuildPhase section */

/* Begin PBXTargetDependency section */
		574755D7203865C20083E407 /* PBXTargetDependency */ = {
			isa = PBXTargetDependency;
			target = 574755C0203865C20083E407 /* KVOSampleApp */;
			targetProxy = 574755D6203865C20083E407 /* PBXContainerItemProxy */;
		};
/* End PBXTargetDependency section */

/* Begin PBXVariantGroup section */
		574755C8203865C20083E407 /* Main.storyboard */ = {
			isa = PBXVariantGroup;
			children = (
				574755C9203865C20083E407 /* Base */,
			);
			name = Main.storyboard;
			sourceTree = "<group>";
		};
		574755CD203865C20083E407 /* LaunchScreen.storyboard */ = {
			isa = PBXVariantGroup;
			children = (
				574755CE203865C20083E407 /* Base */,
			);
			name = LaunchScreen.storyboard;
			sourceTree = "<group>";
		};
/* End PBXVariantGroup section */

/* Begin XCBuildConfiguration section */
		574755DC203865C20083E407 /* Debug */ = {
			isa = XCBuildConfiguration;
			buildSettings = {
				ALWAYS_SEARCH_USER_PATHS = NO;
				CLANG_ANALYZER_NONNULL = YES;
				CLANG_ANALYZER_NUMBER_OBJECT_CONVERSION = YES_AGGRESSIVE;
				CLANG_CXX_LANGUAGE_STANDARD = "gnu++14";
				CLANG_CXX_LIBRARY = "libc++";
				CLANG_ENABLE_MODULES = YES;
				CLANG_ENABLE_OBJC_ARC = YES;
				CLANG_WARN_BLOCK_CAPTURE_AUTORELEASING = YES;
				CLANG_WARN_BOOL_CONVERSION = YES;
				CLANG_WARN_COMMA = YES;
				CLANG_WARN_CONSTANT_CONVERSION = YES;
				CLANG_WARN_DIRECT_OBJC_ISA_USAGE = YES_ERROR;
				CLANG_WARN_DOCUMENTATION_COMMENTS = YES;
				CLANG_WARN_EMPTY_BODY = YES;
				CLANG_WARN_ENUM_CONVERSION = YES;
				CLANG_WARN_INFINITE_RECURSION = YES;
				CLANG_WARN_INT_CONVERSION = YES;
				CLANG_WARN_NON_LITERAL_NULL_CONVERSION = YES;
				CLANG_WARN_OBJC_LITERAL_CONVERSION = YES;
				CLANG_WARN_OBJC_ROOT_CLASS = YES_ERROR;
				CLANG_WARN_RANGE_LOOP_ANALYSIS = YES;
				CLANG_WARN_STRICT_PROTOTYPES = YES;
				CLANG_WARN_SUSPICIOUS_MOVE = YES;
				CLANG_WARN_UNGUARDED_AVAILABILITY = YES_AGGRESSIVE;
				CLANG_WARN_UNREACHABLE_CODE = YES;
				CLANG_WARN__DUPLICATE_METHOD_MATCH = YES;
				CODE_SIGN_IDENTITY = "iPhone Developer";
				COPY_PHASE_STRIP = NO;
				DEBUG_INFORMATION_FORMAT = dwarf;
				ENABLE_STRICT_OBJC_MSGSEND = YES;
				ENABLE_TESTABILITY = YES;
				GCC_C_LANGUAGE_STANDARD = gnu11;
				GCC_DYNAMIC_NO_PIC = NO;
				GCC_NO_COMMON_BLOCKS = YES;
				GCC_OPTIMIZATION_LEVEL = 0;
				GCC_PREPROCESSOR_DEFINITIONS = (
					"DEBUG=1",
					"$(inherited)",
				);
				GCC_WARN_64_TO_32_BIT_CONVERSION = YES;
				GCC_WARN_ABOUT_RETURN_TYPE = YES_ERROR;
				GCC_WARN_UNDECLARED_SELECTOR = YES;
				GCC_WARN_UNINITIALIZED_AUTOS = YES_AGGRESSIVE;
				GCC_WARN_UNUSED_FUNCTION = YES;
				GCC_WARN_UNUSED_VARIABLE = YES;
				IPHONEOS_DEPLOYMENT_TARGET = 11.2;
				MTL_ENABLE_DEBUG_INFO = YES;
				ONLY_ACTIVE_ARCH = YES;
				SDKROOT = iphoneos;
				SWIFT_ACTIVE_COMPILATION_CONDITIONS = DEBUG;
				SWIFT_OPTIMIZATION_LEVEL = "-Onone";
			};
			name = Debug;
		};
		574755DD203865C20083E407 /* Release */ = {
			isa = XCBuildConfiguration;
			buildSettings = {
				ALWAYS_SEARCH_USER_PATHS = NO;
				CLANG_ANALYZER_NONNULL = YES;
				CLANG_ANALYZER_NUMBER_OBJECT_CONVERSION = YES_AGGRESSIVE;
				CLANG_CXX_LANGUAGE_STANDARD = "gnu++14";
				CLANG_CXX_LIBRARY = "libc++";
				CLANG_ENABLE_MODULES = YES;
				CLANG_ENABLE_OBJC_ARC = YES;
				CLANG_WARN_BLOCK_CAPTURE_AUTORELEASING = YES;
				CLANG_WARN_BOOL_CONVERSION = YES;
				CLANG_WARN_COMMA = YES;
				CLANG_WARN_CONSTANT_CONVERSION = YES;
				CLANG_WARN_DIRECT_OBJC_ISA_USAGE = YES_ERROR;
				CLANG_WARN_DOCUMENTATION_COMMENTS = YES;
				CLANG_WARN_EMPTY_BODY = YES;
				CLANG_WARN_ENUM_CONVERSION = YES;
				CLANG_WARN_INFINITE_RECURSION = YES;
				CLANG_WARN_INT_CONVERSION = YES;
				CLANG_WARN_NON_LITERAL_NULL_CONVERSION = YES;
				CLANG_WARN_OBJC_LITERAL_CONVERSION = YES;
				CLANG_WARN_OBJC_ROOT_CLASS = YES_ERROR;
				CLANG_WARN_RANGE_LOOP_ANALYSIS = YES;
				CLANG_WARN_STRICT_PROTOTYPES = YES;
				CLANG_WARN_SUSPICIOUS_MOVE = YES;
				CLANG_WARN_UNGUARDED_AVAILABILITY = YES_AGGRESSIVE;
				CLANG_WARN_UNREACHABLE_CODE = YES;
				CLANG_WARN__DUPLICATE_METHOD_MATCH = YES;
				CODE_SIGN_IDENTITY = "iPhone Developer";
				COPY_PHASE_STRIP = NO;
				DEBUG_INFORMATION_FORMAT = "dwarf-with-dsym";
				ENABLE_NS_ASSERTIONS = NO;
				ENABLE_STRICT_OBJC_MSGSEND = YES;
				GCC_C_LANGUAGE_STANDARD = gnu11;
				GCC_NO_COMMON_BLOCKS = YES;
				GCC_WARN_64_TO_32_BIT_CONVERSION = YES;
				GCC_WARN_ABOUT_RETURN_TYPE = YES_ERROR;
				GCC_WARN_UNDECLARED_SELECTOR = YES;
				GCC_WARN_UNINITIALIZED_AUTOS = YES_AGGRESSIVE;
				GCC_WARN_UNUSED_FUNCTION = YES;
				GCC_WARN_UNUSED_VARIABLE = YES;
				IPHONEOS_DEPLOYMENT_TARGET = 11.2;
				MTL_ENABLE_DEBUG_INFO = NO;
				SDKROOT = iphoneos;
				SWIFT_OPTIMIZATION_LEVEL = "-Owholemodule";
				VALIDATE_PRODUCT = YES;
			};
			name = Release;
		};
		574755DF203865C20083E407 /* Debug */ = {
			isa = XCBuildConfiguration;
			buildSettings = {
				ASSETCATALOG_COMPILER_APPICON_NAME = AppIcon;
				CODE_SIGN_STYLE = Automatic;
				DEVELOPMENT_TEAM = 2WW8645GW2;
				INFOPLIST_FILE = KVOSampleApp/Info.plist;
				LD_RUNPATH_SEARCH_PATHS = "$(inherited) @executable_path/Frameworks";
				PRODUCT_BUNDLE_IDENTIFIER = com.alexcpaul.KVOSampleApp;
				PRODUCT_NAME = "$(TARGET_NAME)";
				SWIFT_VERSION = 4.0;
				TARGETED_DEVICE_FAMILY = "1,2";
			};
			name = Debug;
		};
		574755E0203865C20083E407 /* Release */ = {
			isa = XCBuildConfiguration;
			buildSettings = {
				ASSETCATALOG_COMPILER_APPICON_NAME = AppIcon;
				CODE_SIGN_STYLE = Automatic;
				DEVELOPMENT_TEAM = 2WW8645GW2;
				INFOPLIST_FILE = KVOSampleApp/Info.plist;
				LD_RUNPATH_SEARCH_PATHS = "$(inherited) @executable_path/Frameworks";
				PRODUCT_BUNDLE_IDENTIFIER = com.alexcpaul.KVOSampleApp;
				PRODUCT_NAME = "$(TARGET_NAME)";
				SWIFT_VERSION = 4.0;
				TARGETED_DEVICE_FAMILY = "1,2";
			};
			name = Release;
		};
		574755E2203865C20083E407 /* Debug */ = {
			isa = XCBuildConfiguration;
			buildSettings = {
				ALWAYS_EMBED_SWIFT_STANDARD_LIBRARIES = YES;
				BUNDLE_LOADER = "$(TEST_HOST)";
				CODE_SIGN_STYLE = Automatic;
				DEVELOPMENT_TEAM = 2WW8645GW2;
				INFOPLIST_FILE = KVOSampleAppTests/Info.plist;
				LD_RUNPATH_SEARCH_PATHS = "$(inherited) @executable_path/Frameworks @loader_path/Frameworks";
				PRODUCT_BUNDLE_IDENTIFIER = com.alexcpaul.KVOSampleAppTests;
				PRODUCT_NAME = "$(TARGET_NAME)";
				SWIFT_VERSION = 4.0;
				TARGETED_DEVICE_FAMILY = "1,2";
				TEST_HOST = "$(BUILT_PRODUCTS_DIR)/KVOSampleApp.app/KVOSampleApp";
			};
			name = Debug;
		};
		574755E3203865C20083E407 /* Release */ = {
			isa = XCBuildConfiguration;
			buildSettings = {
				ALWAYS_EMBED_SWIFT_STANDARD_LIBRARIES = YES;
				BUNDLE_LOADER = "$(TEST_HOST)";
				CODE_SIGN_STYLE = Automatic;
				DEVELOPMENT_TEAM = 2WW8645GW2;
				INFOPLIST_FILE = KVOSampleAppTests/Info.plist;
				LD_RUNPATH_SEARCH_PATHS = "$(inherited) @executable_path/Frameworks @loader_path/Frameworks";
				PRODUCT_BUNDLE_IDENTIFIER = com.alexcpaul.KVOSampleAppTests;
				PRODUCT_NAME = "$(TARGET_NAME)";
				SWIFT_VERSION = 4.0;
				TARGETED_DEVICE_FAMILY = "1,2";
				TEST_HOST = "$(BUILT_PRODUCTS_DIR)/KVOSampleApp.app/KVOSampleApp";
			};
			name = Release;
		};
/* End XCBuildConfiguration section */

/* Begin XCConfigurationList section */
		574755BC203865C20083E407 /* Build configuration list for PBXProject "KVOSampleApp" */ = {
			isa = XCConfigurationList;
			buildConfigurations = (
				574755DC203865C20083E407 /* Debug */,
				574755DD203865C20083E407 /* Release */,
			);
			defaultConfigurationIsVisible = 0;
			defaultConfigurationName = Release;
		};
		574755DE203865C20083E407 /* Build configuration list for PBXNativeTarget "KVOSampleApp" */ = {
			isa = XCConfigurationList;
			buildConfigurations = (
				574755DF203865C20083E407 /* Debug */,
				574755E0203865C20083E407 /* Release */,
			);
			defaultConfigurationIsVisible = 0;
			defaultConfigurationName = Release;
		};
		574755E1203865C20083E407 /* Build configuration list for PBXNativeTarget "KVOSampleAppTests" */ = {
			isa = XCConfigurationList;
			buildConfigurations = (
				574755E2203865C20083E407 /* Debug */,
				574755E3203865C20083E407 /* Release */,
			);
			defaultConfigurationIsVisible = 0;
			defaultConfigurationName = Release;
		};
/* End XCConfigurationList section */
	};
	rootObject = 574755B9203865C20083E407 /* Project object */;
}
